// !$*UTF8*$!
{
	archiveVersion = 1;
	classes = {
	};
	objectVersion = 56;
	objects = {

/* Begin PBXBuildFile section */
		2626584E2A4C009A0097AF73 /* NetworkManager.swift in Sources */ = {isa = PBXBuildFile; fileRef = 2626584D2A4C009A0097AF73 /* NetworkManager.swift */; };
		262658512A4C020B0097AF73 /* NetworkError.swift in Sources */ = {isa = PBXBuildFile; fileRef = 262658502A4C020B0097AF73 /* NetworkError.swift */; };
		262658562A4C059C0097AF73 /* ContentType.swift in Sources */ = {isa = PBXBuildFile; fileRef = 262658552A4C059C0097AF73 /* ContentType.swift */; };
		26731E582A500A3900601D53 /* APIProvider.swift in Sources */ = {isa = PBXBuildFile; fileRef = 26731E572A500A3900601D53 /* APIProvider.swift */; };
		26731E5B2A50190F00601D53 /* UserInfo.swift in Sources */ = {isa = PBXBuildFile; fileRef = 26731E5A2A50190F00601D53 /* UserInfo.swift */; };
		26731E5D2A501AD000601D53 /* UserGrade.swift in Sources */ = {isa = PBXBuildFile; fileRef = 26731E5C2A501AD000601D53 /* UserGrade.swift */; };
		26731E5F2A501B6200601D53 /* UserMatches.swift in Sources */ = {isa = PBXBuildFile; fileRef = 26731E5E2A501B6200601D53 /* UserMatches.swift */; };
		26731E612A501C1800601D53 /* UserTradeHistory.swift in Sources */ = {isa = PBXBuildFile; fileRef = 26731E602A501C1800601D53 /* UserTradeHistory.swift */; };
		26731E652A501D7900601D53 /* MatchAllRecord.swift in Sources */ = {isa = PBXBuildFile; fileRef = 26731E642A501D7900601D53 /* MatchAllRecord.swift */; };
		26731E672A501E0100601D53 /* MatchDesc.swift in Sources */ = {isa = PBXBuildFile; fileRef = 26731E662A501E0100601D53 /* MatchDesc.swift */; };
		26731E6A2A50269500601D53 /* MetaMatchType.swift in Sources */ = {isa = PBXBuildFile; fileRef = 26731E692A50269500601D53 /* MetaMatchType.swift */; };
		26731E6C2A50275300601D53 /* MetaPlayerIds.swift in Sources */ = {isa = PBXBuildFile; fileRef = 26731E6B2A50275300601D53 /* MetaPlayerIds.swift */; };
		26731E6E2A50279C00601D53 /* MetaSeasonIds.swift in Sources */ = {isa = PBXBuildFile; fileRef = 26731E6D2A50279C00601D53 /* MetaSeasonIds.swift */; };
		26731E702A50285B00601D53 /* MetaPlayerPositions.swift in Sources */ = {isa = PBXBuildFile; fileRef = 26731E6F2A50285B00601D53 /* MetaPlayerPositions.swift */; };
		26731E722A5028A400601D53 /* MetaGrades.swift in Sources */ = {isa = PBXBuildFile; fileRef = 26731E712A5028A400601D53 /* MetaGrades.swift */; };
		26731E762A502B8B00601D53 /* ParsingModel.swift in Sources */ = {isa = PBXBuildFile; fileRef = 26731E752A502B8B00601D53 /* ParsingModel.swift */; };
		26D7DBDE2A4B01BA00B42317 /* FOFMAPApp.swift in Sources */ = {isa = PBXBuildFile; fileRef = 26D7DBDD2A4B01BA00B42317 /* FOFMAPApp.swift */; };
		26D7DBE02A4B01BA00B42317 /* ContentView.swift in Sources */ = {isa = PBXBuildFile; fileRef = 26D7DBDF2A4B01BA00B42317 /* ContentView.swift */; };
		26D7DBE22A4B01BB00B42317 /* Assets.xcassets in Resources */ = {isa = PBXBuildFile; fileRef = 26D7DBE12A4B01BB00B42317 /* Assets.xcassets */; };
		26D7DBE52A4B01BB00B42317 /* Preview Assets.xcassets in Resources */ = {isa = PBXBuildFile; fileRef = 26D7DBE42A4B01BB00B42317 /* Preview Assets.xcassets */; };
/* End PBXBuildFile section */

/* Begin PBXFileReference section */
		2626584A2A4BF8DA0097AF73 /* Info.plist */ = {isa = PBXFileReference; lastKnownFileType = text.plist; path = Info.plist; sourceTree = "<group>"; };
		2626584D2A4C009A0097AF73 /* NetworkManager.swift */ = {isa = PBXFileReference; lastKnownFileType = sourcecode.swift; path = NetworkManager.swift; sourceTree = "<group>"; };
		262658502A4C020B0097AF73 /* NetworkError.swift */ = {isa = PBXFileReference; lastKnownFileType = sourcecode.swift; path = NetworkError.swift; sourceTree = "<group>"; };
		262658552A4C059C0097AF73 /* ContentType.swift */ = {isa = PBXFileReference; lastKnownFileType = sourcecode.swift; path = ContentType.swift; sourceTree = "<group>"; };
		26731E572A500A3900601D53 /* APIProvider.swift */ = {isa = PBXFileReference; lastKnownFileType = sourcecode.swift; path = APIProvider.swift; sourceTree = "<group>"; };
		26731E5A2A50190F00601D53 /* UserInfo.swift */ = {isa = PBXFileReference; lastKnownFileType = sourcecode.swift; path = UserInfo.swift; sourceTree = "<group>"; };
		26731E5C2A501AD000601D53 /* UserGrade.swift */ = {isa = PBXFileReference; lastKnownFileType = sourcecode.swift; path = UserGrade.swift; sourceTree = "<group>"; };
		26731E5E2A501B6200601D53 /* UserMatches.swift */ = {isa = PBXFileReference; lastKnownFileType = sourcecode.swift; path = UserMatches.swift; sourceTree = "<group>"; };
		26731E602A501C1800601D53 /* UserTradeHistory.swift */ = {isa = PBXFileReference; lastKnownFileType = sourcecode.swift; path = UserTradeHistory.swift; sourceTree = "<group>"; };
		26731E642A501D7900601D53 /* MatchAllRecord.swift */ = {isa = PBXFileReference; lastKnownFileType = sourcecode.swift; path = MatchAllRecord.swift; sourceTree = "<group>"; };
		26731E662A501E0100601D53 /* MatchDesc.swift */ = {isa = PBXFileReference; lastKnownFileType = sourcecode.swift; path = MatchDesc.swift; sourceTree = "<group>"; };
		26731E692A50269500601D53 /* MetaMatchType.swift */ = {isa = PBXFileReference; lastKnownFileType = sourcecode.swift; path = MetaMatchType.swift; sourceTree = "<group>"; };
		26731E6B2A50275300601D53 /* MetaPlayerIds.swift */ = {isa = PBXFileReference; lastKnownFileType = sourcecode.swift; path = MetaPlayerIds.swift; sourceTree = "<group>"; };
		26731E6D2A50279C00601D53 /* MetaSeasonIds.swift */ = {isa = PBXFileReference; lastKnownFileType = sourcecode.swift; path = MetaSeasonIds.swift; sourceTree = "<group>"; };
		26731E6F2A50285B00601D53 /* MetaPlayerPositions.swift */ = {isa = PBXFileReference; lastKnownFileType = sourcecode.swift; path = MetaPlayerPositions.swift; sourceTree = "<group>"; };
		26731E712A5028A400601D53 /* MetaGrades.swift */ = {isa = PBXFileReference; lastKnownFileType = sourcecode.swift; path = MetaGrades.swift; sourceTree = "<group>"; };
		26731E752A502B8B00601D53 /* ParsingModel.swift */ = {isa = PBXFileReference; lastKnownFileType = sourcecode.swift; path = ParsingModel.swift; sourceTree = "<group>"; };
		26D7DBDA2A4B01BA00B42317 /* FOFMAP.app */ = {isa = PBXFileReference; explicitFileType = wrapper.application; includeInIndex = 0; path = FOFMAP.app; sourceTree = BUILT_PRODUCTS_DIR; };
		26D7DBDD2A4B01BA00B42317 /* FOFMAPApp.swift */ = {isa = PBXFileReference; lastKnownFileType = sourcecode.swift; path = FOFMAPApp.swift; sourceTree = "<group>"; };
		26D7DBDF2A4B01BA00B42317 /* ContentView.swift */ = {isa = PBXFileReference; lastKnownFileType = sourcecode.swift; path = ContentView.swift; sourceTree = "<group>"; };
		26D7DBE12A4B01BB00B42317 /* Assets.xcassets */ = {isa = PBXFileReference; lastKnownFileType = folder.assetcatalog; path = Assets.xcassets; sourceTree = "<group>"; };
		26D7DBE42A4B01BB00B42317 /* Preview Assets.xcassets */ = {isa = PBXFileReference; lastKnownFileType = folder.assetcatalog; path = "Preview Assets.xcassets"; sourceTree = "<group>"; };
/* End PBXFileReference section */

/* Begin PBXFrameworksBuildPhase section */
		26D7DBD72A4B01BA00B42317 /* Frameworks */ = {
			isa = PBXFrameworksBuildPhase;
			buildActionMask = 2147483647;
			files = (
			);
			runOnlyForDeploymentPostprocessing = 0;
		};
/* End PBXFrameworksBuildPhase section */

/* Begin PBXGroup section */
		2626584B2A4BFFB70097AF73 /* Data */ = {
			isa = PBXGroup;
			children = (
				2626584C2A4C004E0097AF73 /* Network */,
			);
			path = Data;
			sourceTree = "<group>";
		};
		2626584C2A4C004E0097AF73 /* Network */ = {
			isa = PBXGroup;
			children = (
				262658542A4C058E0097AF73 /* Entity */,
				2626584D2A4C009A0097AF73 /* NetworkManager.swift */,
				26731E572A500A3900601D53 /* APIProvider.swift */,
				26731E752A502B8B00601D53 /* ParsingModel.swift */,
			);
			path = Network;
			sourceTree = "<group>";
		};
		262658542A4C058E0097AF73 /* Entity */ = {
			isa = PBXGroup;
			children = (
				26731E592A50190200601D53 /* DTO */,
				262658552A4C059C0097AF73 /* ContentType.swift */,
				262658502A4C020B0097AF73 /* NetworkError.swift */,
			);
			path = Entity;
			sourceTree = "<group>";
		};
		26731E592A50190200601D53 /* DTO */ = {
			isa = PBXGroup;
			children = (
				26731E682A501EDE00601D53 /* MetaInfoCategory */,
				26731E632A501CBE00601D53 /* MatchInfoCategory */,
				26731E622A501CA700601D53 /* UserInfoCategory */,
			);
			path = DTO;
			sourceTree = "<group>";
		};
		26731E622A501CA700601D53 /* UserInfoCategory */ = {
			isa = PBXGroup;
			children = (
				26731E5A2A50190F00601D53 /* UserInfo.swift */,
				26731E5C2A501AD000601D53 /* UserGrade.swift */,
				26731E5E2A501B6200601D53 /* UserMatches.swift */,
				26731E602A501C1800601D53 /* UserTradeHistory.swift */,
			);
			path = UserInfoCategory;
			sourceTree = "<group>";
		};
		26731E632A501CBE00601D53 /* MatchInfoCategory */ = {
			isa = PBXGroup;
			children = (
				26731E642A501D7900601D53 /* MatchAllRecord.swift */,
				26731E662A501E0100601D53 /* MatchDesc.swift */,
			);
			path = MatchInfoCategory;
			sourceTree = "<group>";
		};
		26731E682A501EDE00601D53 /* MetaInfoCategory */ = {
			isa = PBXGroup;
			children = (
				26731E692A50269500601D53 /* MetaMatchType.swift */,
				26731E6B2A50275300601D53 /* MetaPlayerIds.swift */,
				26731E6D2A50279C00601D53 /* MetaSeasonIds.swift */,
				26731E6F2A50285B00601D53 /* MetaPlayerPositions.swift */,
				26731E712A5028A400601D53 /* MetaGrades.swift */,
			);
			path = MetaInfoCategory;
			sourceTree = "<group>";
		};
		26D7DBD12A4B01BA00B42317 = {
			isa = PBXGroup;
			children = (
				26D7DBDC2A4B01BA00B42317 /* FOFMAP */,
				26D7DBDB2A4B01BA00B42317 /* Products */,
			);
			sourceTree = "<group>";
		};
		26D7DBDB2A4B01BA00B42317 /* Products */ = {
			isa = PBXGroup;
			children = (
				26D7DBDA2A4B01BA00B42317 /* FOFMAP.app */,
			);
			name = Products;
			sourceTree = "<group>";
		};
		26D7DBDC2A4B01BA00B42317 /* FOFMAP */ = {
			isa = PBXGroup;
			children = (
				2626584B2A4BFFB70097AF73 /* Data */,
				2626584A2A4BF8DA0097AF73 /* Info.plist */,
				26D7DBDD2A4B01BA00B42317 /* FOFMAPApp.swift */,
				26D7DBDF2A4B01BA00B42317 /* ContentView.swift */,
				26D7DBE12A4B01BB00B42317 /* Assets.xcassets */,
				26D7DBE32A4B01BB00B42317 /* Preview Content */,
			);
			path = FOFMAP;
			sourceTree = "<group>";
		};
		26D7DBE32A4B01BB00B42317 /* Preview Content */ = {
			isa = PBXGroup;
			children = (
				26D7DBE42A4B01BB00B42317 /* Preview Assets.xcassets */,
			);
			path = "Preview Content";
			sourceTree = "<group>";
		};
/* End PBXGroup section */

/* Begin PBXNativeTarget section */
		26D7DBD92A4B01BA00B42317 /* FOFMAP */ = {
			isa = PBXNativeTarget;
			buildConfigurationList = 26D7DBE82A4B01BB00B42317 /* Build configuration list for PBXNativeTarget "FOFMAP" */;
			buildPhases = (
				26D7DBD62A4B01BA00B42317 /* Sources */,
				26D7DBD72A4B01BA00B42317 /* Frameworks */,
				26D7DBD82A4B01BA00B42317 /* Resources */,
			);
			buildRules = (
			);
			dependencies = (
			);
			name = FOFMAP;
			productName = FOFMAP;
			productReference = 26D7DBDA2A4B01BA00B42317 /* FOFMAP.app */;
			productType = "com.apple.product-type.application";
		};
/* End PBXNativeTarget section */

/* Begin PBXProject section */
		26D7DBD22A4B01BA00B42317 /* Project object */ = {
			isa = PBXProject;
			attributes = {
				BuildIndependentTargetsInParallel = 1;
				LastSwiftUpdateCheck = 1430;
				LastUpgradeCheck = 1430;
				TargetAttributes = {
					26D7DBD92A4B01BA00B42317 = {
						CreatedOnToolsVersion = 14.3.1;
					};
				};
			};
			buildConfigurationList = 26D7DBD52A4B01BA00B42317 /* Build configuration list for PBXProject "FOFMAP" */;
			compatibilityVersion = "Xcode 14.0";
			developmentRegion = en;
			hasScannedForEncodings = 0;
			knownRegions = (
				en,
				Base,
			);
			mainGroup = 26D7DBD12A4B01BA00B42317;
			productRefGroup = 26D7DBDB2A4B01BA00B42317 /* Products */;
			projectDirPath = "";
			projectRoot = "";
			targets = (
				26D7DBD92A4B01BA00B42317 /* FOFMAP */,
			);
		};
/* End PBXProject section */

/* Begin PBXResourcesBuildPhase section */
		26D7DBD82A4B01BA00B42317 /* Resources */ = {
			isa = PBXResourcesBuildPhase;
			buildActionMask = 2147483647;
			files = (
				26D7DBE52A4B01BB00B42317 /* Preview Assets.xcassets in Resources */,
				26D7DBE22A4B01BB00B42317 /* Assets.xcassets in Resources */,
			);
			runOnlyForDeploymentPostprocessing = 0;
		};
/* End PBXResourcesBuildPhase section */

/* Begin PBXSourcesBuildPhase section */
		26D7DBD62A4B01BA00B42317 /* Sources */ = {
			isa = PBXSourcesBuildPhase;
			buildActionMask = 2147483647;
			files = (
				26731E702A50285B00601D53 /* MetaPlayerPositions.swift in Sources */,
				26731E6C2A50275300601D53 /* MetaPlayerIds.swift in Sources */,
				26731E762A502B8B00601D53 /* ParsingModel.swift in Sources */,
				26731E6A2A50269500601D53 /* MetaMatchType.swift in Sources */,
				262658562A4C059C0097AF73 /* ContentType.swift in Sources */,
				2626584E2A4C009A0097AF73 /* NetworkManager.swift in Sources */,
				262658512A4C020B0097AF73 /* NetworkError.swift in Sources */,
				26731E6E2A50279C00601D53 /* MetaSeasonIds.swift in Sources */,
				26731E652A501D7900601D53 /* MatchAllRecord.swift in Sources */,
				26731E722A5028A400601D53 /* MetaGrades.swift in Sources */,
				26D7DBE02A4B01BA00B42317 /* ContentView.swift in Sources */,
				26731E5D2A501AD000601D53 /* UserGrade.swift in Sources */,
				26731E672A501E0100601D53 /* MatchDesc.swift in Sources */,
				26731E5F2A501B6200601D53 /* UserMatches.swift in Sources */,
				26D7DBDE2A4B01BA00B42317 /* FOFMAPApp.swift in Sources */,
				26731E5B2A50190F00601D53 /* UserInfo.swift in Sources */,
				26731E612A501C1800601D53 /* UserTradeHistory.swift in Sources */,
				26731E582A500A3900601D53 /* APIProvider.swift in Sources */,
			);
			runOnlyForDeploymentPostprocessing = 0;
		};
/* End PBXSourcesBuildPhase section */

/* Begin XCBuildConfiguration section */
		26D7DBE62A4B01BB00B42317 /* Debug */ = {
			isa = XCBuildConfiguration;
			buildSettings = {
				ALWAYS_SEARCH_USER_PATHS = NO;
				CLANG_ANALYZER_NONNULL = YES;
				CLANG_ANALYZER_NUMBER_OBJECT_CONVERSION = YES_AGGRESSIVE;
				CLANG_CXX_LANGUAGE_STANDARD = "gnu++20";
				CLANG_ENABLE_MODULES = YES;
				CLANG_ENABLE_OBJC_ARC = YES;
				CLANG_ENABLE_OBJC_WEAK = YES;
				CLANG_WARN_BLOCK_CAPTURE_AUTORELEASING = YES;
				CLANG_WARN_BOOL_CONVERSION = YES;
				CLANG_WARN_COMMA = YES;
				CLANG_WARN_CONSTANT_CONVERSION = YES;
				CLANG_WARN_DEPRECATED_OBJC_IMPLEMENTATIONS = YES;
				CLANG_WARN_DIRECT_OBJC_ISA_USAGE = YES_ERROR;
				CLANG_WARN_DOCUMENTATION_COMMENTS = YES;
				CLANG_WARN_EMPTY_BODY = YES;
				CLANG_WARN_ENUM_CONVERSION = YES;
				CLANG_WARN_INFINITE_RECURSION = YES;
				CLANG_WARN_INT_CONVERSION = YES;
				CLANG_WARN_NON_LITERAL_NULL_CONVERSION = YES;
				CLANG_WARN_OBJC_IMPLICIT_RETAIN_SELF = YES;
				CLANG_WARN_OBJC_LITERAL_CONVERSION = YES;
				CLANG_WARN_OBJC_ROOT_CLASS = YES_ERROR;
				CLANG_WARN_QUOTED_INCLUDE_IN_FRAMEWORK_HEADER = YES;
				CLANG_WARN_RANGE_LOOP_ANALYSIS = YES;
				CLANG_WARN_STRICT_PROTOTYPES = YES;
				CLANG_WARN_SUSPICIOUS_MOVE = YES;
				CLANG_WARN_UNGUARDED_AVAILABILITY = YES_AGGRESSIVE;
				CLANG_WARN_UNREACHABLE_CODE = YES;
				CLANG_WARN__DUPLICATE_METHOD_MATCH = YES;
				COPY_PHASE_STRIP = NO;
				DEBUG_INFORMATION_FORMAT = dwarf;
				ENABLE_STRICT_OBJC_MSGSEND = YES;
				ENABLE_TESTABILITY = YES;
				GCC_C_LANGUAGE_STANDARD = gnu11;
				GCC_DYNAMIC_NO_PIC = NO;
				GCC_NO_COMMON_BLOCKS = YES;
				GCC_OPTIMIZATION_LEVEL = 0;
				GCC_PREPROCESSOR_DEFINITIONS = (
					"DEBUG=1",
					"$(inherited)",
				);
				GCC_WARN_64_TO_32_BIT_CONVERSION = YES;
				GCC_WARN_ABOUT_RETURN_TYPE = YES_ERROR;
				GCC_WARN_UNDECLARED_SELECTOR = YES;
				GCC_WARN_UNINITIALIZED_AUTOS = YES_AGGRESSIVE;
				GCC_WARN_UNUSED_FUNCTION = YES;
				GCC_WARN_UNUSED_VARIABLE = YES;
				IPHONEOS_DEPLOYMENT_TARGET = 16.4;
				MTL_ENABLE_DEBUG_INFO = INCLUDE_SOURCE;
				MTL_FAST_MATH = YES;
				ONLY_ACTIVE_ARCH = YES;
				SDKROOT = iphoneos;
				SWIFT_ACTIVE_COMPILATION_CONDITIONS = DEBUG;
				SWIFT_OPTIMIZATION_LEVEL = "-Onone";
			};
			name = Debug;
		};
		26D7DBE72A4B01BB00B42317 /* Release */ = {
			isa = XCBuildConfiguration;
			buildSettings = {
				ALWAYS_SEARCH_USER_PATHS = NO;
				CLANG_ANALYZER_NONNULL = YES;
				CLANG_ANALYZER_NUMBER_OBJECT_CONVERSION = YES_AGGRESSIVE;
				CLANG_CXX_LANGUAGE_STANDARD = "gnu++20";
				CLANG_ENABLE_MODULES = YES;
				CLANG_ENABLE_OBJC_ARC = YES;
				CLANG_ENABLE_OBJC_WEAK = YES;
				CLANG_WARN_BLOCK_CAPTURE_AUTORELEASING = YES;
				CLANG_WARN_BOOL_CONVERSION = YES;
				CLANG_WARN_COMMA = YES;
				CLANG_WARN_CONSTANT_CONVERSION = YES;
				CLANG_WARN_DEPRECATED_OBJC_IMPLEMENTATIONS = YES;
				CLANG_WARN_DIRECT_OBJC_ISA_USAGE = YES_ERROR;
				CLANG_WARN_DOCUMENTATION_COMMENTS = YES;
				CLANG_WARN_EMPTY_BODY = YES;
				CLANG_WARN_ENUM_CONVERSION = YES;
				CLANG_WARN_INFINITE_RECURSION = YES;
				CLANG_WARN_INT_CONVERSION = YES;
				CLANG_WARN_NON_LITERAL_NULL_CONVERSION = YES;
				CLANG_WARN_OBJC_IMPLICIT_RETAIN_SELF = YES;
				CLANG_WARN_OBJC_LITERAL_CONVERSION = YES;
				CLANG_WARN_OBJC_ROOT_CLASS = YES_ERROR;
				CLANG_WARN_QUOTED_INCLUDE_IN_FRAMEWORK_HEADER = YES;
				CLANG_WARN_RANGE_LOOP_ANALYSIS = YES;
				CLANG_WARN_STRICT_PROTOTYPES = YES;
				CLANG_WARN_SUSPICIOUS_MOVE = YES;
				CLANG_WARN_UNGUARDED_AVAILABILITY = YES_AGGRESSIVE;
				CLANG_WARN_UNREACHABLE_CODE = YES;
				CLANG_WARN__DUPLICATE_METHOD_MATCH = YES;
				COPY_PHASE_STRIP = NO;
				DEBUG_INFORMATION_FORMAT = "dwarf-with-dsym";
				ENABLE_NS_ASSERTIONS = NO;
				ENABLE_STRICT_OBJC_MSGSEND = YES;
				GCC_C_LANGUAGE_STANDARD = gnu11;
				GCC_NO_COMMON_BLOCKS = YES;
				GCC_WARN_64_TO_32_BIT_CONVERSION = YES;
				GCC_WARN_ABOUT_RETURN_TYPE = YES_ERROR;
				GCC_WARN_UNDECLARED_SELECTOR = YES;
				GCC_WARN_UNINITIALIZED_AUTOS = YES_AGGRESSIVE;
				GCC_WARN_UNUSED_FUNCTION = YES;
				GCC_WARN_UNUSED_VARIABLE = YES;
				IPHONEOS_DEPLOYMENT_TARGET = 16.4;
				MTL_ENABLE_DEBUG_INFO = NO;
				MTL_FAST_MATH = YES;
				SDKROOT = iphoneos;
				SWIFT_COMPILATION_MODE = wholemodule;
				SWIFT_OPTIMIZATION_LEVEL = "-O";
				VALIDATE_PRODUCT = YES;
			};
			name = Release;
		};
		26D7DBE92A4B01BB00B42317 /* Debug */ = {
			isa = XCBuildConfiguration;
			buildSettings = {
				ASSETCATALOG_COMPILER_APPICON_NAME = AppIcon;
				ASSETCATALOG_COMPILER_GLOBAL_ACCENT_COLOR_NAME = AccentColor;
				CODE_SIGN_STYLE = Automatic;
				CURRENT_PROJECT_VERSION = 1;
				DEVELOPMENT_ASSET_PATHS = "\"FOFMAP/Preview Content\"";
				DEVELOPMENT_TEAM = 58JZ3489C7;
				ENABLE_PREVIEWS = YES;
				GENERATE_INFOPLIST_FILE = YES;
				INFOPLIST_FILE = FOFMAP/Info.plist;
				INFOPLIST_KEY_UIApplicationSceneManifest_Generation = YES;
				INFOPLIST_KEY_UIApplicationSupportsIndirectInputEvents = YES;
				INFOPLIST_KEY_UILaunchScreen_Generation = YES;
				INFOPLIST_KEY_UISupportedInterfaceOrientations = UIInterfaceOrientationPortrait;
				INFOPLIST_KEY_UISupportedInterfaceOrientations_iPad = "UIInterfaceOrientationLandscapeLeft UIInterfaceOrientationLandscapeRight UIInterfaceOrientationPortrait UIInterfaceOrientationPortraitUpsideDown";
				IPHONEOS_DEPLOYMENT_TARGET = 16.0;
				LD_RUNPATH_SEARCH_PATHS = (
					"$(inherited)",
					"@executable_path/Frameworks",
				);
				MARKETING_VERSION = 1.0;
				PRODUCT_BUNDLE_IDENTIFIER = com.minsu.FOFMAP;
				PRODUCT_NAME = "$(TARGET_NAME)";
				SUPPORTED_PLATFORMS = "iphoneos iphonesimulator";
				SUPPORTS_MACCATALYST = NO;
				SUPPORTS_MAC_DESIGNED_FOR_IPHONE_IPAD = NO;
				SWIFT_EMIT_LOC_STRINGS = YES;
				SWIFT_VERSION = 5.0;
				TARGETED_DEVICE_FAMILY = 1;
			};
			name = Debug;
		};
		26D7DBEA2A4B01BB00B42317 /* Release */ = {
			isa = XCBuildConfiguration;
			buildSettings = {
				ASSETCATALOG_COMPILER_APPICON_NAME = AppIcon;
				ASSETCATALOG_COMPILER_GLOBAL_ACCENT_COLOR_NAME = AccentColor;
				CODE_SIGN_STYLE = Automatic;
				CURRENT_PROJECT_VERSION = 1;
				DEVELOPMENT_ASSET_PATHS = "\"FOFMAP/Preview Content\"";
				DEVELOPMENT_TEAM = 58JZ3489C7;
				ENABLE_PREVIEWS = YES;
				GENERATE_INFOPLIST_FILE = YES;
				INFOPLIST_FILE = FOFMAP/Info.plist;
				INFOPLIST_KEY_UIApplicationSceneManifest_Generation = YES;
				INFOPLIST_KEY_UIApplicationSupportsIndirectInputEvents = YES;
				INFOPLIST_KEY_UILaunchScreen_Generation = YES;
				INFOPLIST_KEY_UISupportedInterfaceOrientations = UIInterfaceOrientationPortrait;
				INFOPLIST_KEY_UISupportedInterfaceOrientations_iPad = "UIInterfaceOrientationLandscapeLeft UIInterfaceOrientationLandscapeRight UIInterfaceOrientationPortrait UIInterfaceOrientationPortraitUpsideDown";
				IPHONEOS_DEPLOYMENT_TARGET = 16.0;
				LD_RUNPATH_SEARCH_PATHS = (
					"$(inherited)",
					"@executable_path/Frameworks",
				);
				MARKETING_VERSION = 1.0;
				PRODUCT_BUNDLE_IDENTIFIER = com.minsu.FOFMAP;
				PRODUCT_NAME = "$(TARGET_NAME)";
				SUPPORTED_PLATFORMS = "iphoneos iphonesimulator";
				SUPPORTS_MACCATALYST = NO;
				SUPPORTS_MAC_DESIGNED_FOR_IPHONE_IPAD = NO;
				SWIFT_EMIT_LOC_STRINGS = YES;
				SWIFT_VERSION = 5.0;
				TARGETED_DEVICE_FAMILY = 1;
			};
			name = Release;
		};
/* End XCBuildConfiguration section */

/* Begin XCConfigurationList section */
		26D7DBD52A4B01BA00B42317 /* Build configuration list for PBXProject "FOFMAP" */ = {
			isa = XCConfigurationList;
			buildConfigurations = (
				26D7DBE62A4B01BB00B42317 /* Debug */,
				26D7DBE72A4B01BB00B42317 /* Release */,
			);
			defaultConfigurationIsVisible = 0;
			defaultConfigurationName = Release;
		};
		26D7DBE82A4B01BB00B42317 /* Build configuration list for PBXNativeTarget "FOFMAP" */ = {
			isa = XCConfigurationList;
			buildConfigurations = (
				26D7DBE92A4B01BB00B42317 /* Debug */,
				26D7DBEA2A4B01BB00B42317 /* Release */,
			);
			defaultConfigurationIsVisible = 0;
			defaultConfigurationName = Release;
		};
/* End XCConfigurationList section */
	};
	rootObject = 26D7DBD22A4B01BA00B42317 /* Project object */;
}
